
Microsoft Visual Studio Solution File, Format Version 12.00
# Visual Studio Version 16
VisualStudioVersion = 16.0.31321.278
MinimumVisualStudioVersion = 10.0.40219.1
Project("{FAE04EC0-301F-11D3-BF4B-00C04F79EFBC}") = "Guswin", "Guswin\Guswin.csproj", "{24C6322C-96B3-485B-BDA4-060B19BE505A}"
EndProject
Global
	GlobalSection(SolutionConfigurationPlatforms) = preSolution
		Debug|Any CPU = Debug|Any CPU
		Release|Any CPU = Release|Any CPU
	EndGlobalSection
	GlobalSection(ProjectConfigurationPlatforms) = postSolution
		{24C6322C-96B3-485B-BDA4-060B19BE505A}.Debug|Any CPU.ActiveCfg = Debug|Any CPU
		{24C6322C-96B3-485B-BDA4-060B19BE505A}.Debug|Any CPU.Build.0 = Debug|Any CPU
		{24C6322C-96B3-485B-BDA4-060B19BE505A}.Release|Any CPU.ActiveCfg = Release|Any CPU
		{24C6322C-96B3-485B-BDA4-060B19BE505A}.Release|Any CPU.Build.0 = Release|Any CPU
	EndGlobalSection
	GlobalSection(SolutionProperties) = preSolution
		HideSolutionNode = FALSE
	EndGlobalSection
	GlobalSection(ExtensibilityGlobals) = postSolution
		SolutionGuid = {BF2CEE70-0043-4076-85BB-BFBDB9FDF96F}
	EndGlobalSection
EndGlobal
